
Microsoft Visual Studio Solution File, Format Version 12.00
# Visual Studio 15
VisualStudioVersion = 15.0.27130.2036
MinimumVisualStudioVersion = 10.0.40219.1
Project("{FAE04EC0-301F-11D3-BF4B-00C04F79EFBC}") = "cilindro", "cilindro\cilindro.csproj", "{0B04B630-7F01-412B-B27D-B806334D042D}"
EndProject
Global
	GlobalSection(SolutionConfigurationPlatforms) = preSolution
		Debug|Any CPU = Debug|Any CPU
		Release|Any CPU = Release|Any CPU
	EndGlobalSection
	GlobalSection(ProjectConfigurationPlatforms) = postSolution
		{0B04B630-7F01-412B-B27D-B806334D042D}.Debug|Any CPU.ActiveCfg = Debug|Any CPU
		{0B04B630-7F01-412B-B27D-B806334D042D}.Debug|Any CPU.Build.0 = Debug|Any CPU
		{0B04B630-7F01-412B-B27D-B806334D042D}.Release|Any CPU.ActiveCfg = Release|Any CPU
		{0B04B630-7F01-412B-B27D-B806334D042D}.Release|Any CPU.Build.0 = Release|Any CPU
	EndGlobalSection
	GlobalSection(SolutionProperties) = preSolution
		HideSolutionNode = FALSE
	EndGlobalSection
	GlobalSection(ExtensibilityGlobals) = postSolution
		SolutionGuid = {4B9D1D17-4D00-414A-BA6A-8B8164D54E40}
	EndGlobalSection
EndGlobal
